{
  "lockfileVersion": 1,
  "workspaces": {
    "": {
      "name": "api",
      "dependencies": {
        "@aws-sdk/client-dynamodb": "^3.840.0",
        "@aws-sdk/lib-dynamodb": "^3.840.0",
        "better-auth": "^1.2.12",
        "dotenv": "^17.2.0",
        "dynamodb-toolbox": "^2.6.4",
        "hono": "^4.8.4",
        "pg": "^8.16.3",
        "react": "^19.1.0",
        "resend": "^4.6.0",
        "zapatos": "^6.5.0",
      },
      "devDependencies": {
        "@wetarseel/db-types": "../../packages/db-types",
        "@types/bun": "latest",
        "@types/pg": "^8.15.4",
      },
      "peerDependencies": {
        "typescript": "^5",
      },
    },
  },
  "packages": {
    "@aws-crypto/sha256-browser": ["@aws-crypto/sha256-browser@5.2.0", "", { "dependencies": { "@aws-crypto/sha256-js": "^5.2.0", "@aws-crypto/supports-web-crypto": "^5.2.0", "@aws-crypto/util": "^5.2.0", "@aws-sdk/types": "^3.222.0", "@aws-sdk/util-locate-window": "^3.0.0", "@smithy/util-utf8": "^2.0.0", "tslib": "^2.6.2" } }, "sha512-AXfN/lGotSQwu6HNcEsIASo7kWXZ5HYWvfOmSNKDsEqC4OashTp8alTmaz+F7TC2L083SFv5RdB+qU3Vs1kZqw=="],

    "@aws-crypto/sha256-js": ["@aws-crypto/sha256-js@5.2.0", "", { "dependencies": { "@aws-crypto/util": "^5.2.0", "@aws-sdk/types": "^3.222.0", "tslib": "^2.6.2" } }, "sha512-FFQQyu7edu4ufvIZ+OadFpHHOt+eSTBaYaki44c+akjg7qZg9oOQeLlk77F6tSYqjDAFClrHJk9tMf0HdVyOvA=="],

    "@aws-crypto/supports-web-crypto": ["@aws-crypto/supports-web-crypto@5.2.0", "", { "dependencies": { "tslib": "^2.6.2" } }, "sha512-iAvUotm021kM33eCdNfwIN//F77/IADDSs58i+MDaOqFrVjZo9bAal0NK7HurRuWLLpF1iLX7gbWrjHjeo+YFg=="],

    "@aws-crypto/util": ["@aws-crypto/util@5.2.0", "", { "dependencies": { "@aws-sdk/types": "^3.222.0", "@smithy/util-utf8": "^2.0.0", "tslib": "^2.6.2" } }, "sha512-4RkU9EsI6ZpBve5fseQlGNUWKMa1RLPQ1dnjnQoe07ldfIzcsGb5hC5W0Dm7u423KWzawlrpbjXBrXCEv9zazQ=="],

    "@aws-sdk/client-dynamodb": ["@aws-sdk/client-dynamodb@3.844.0", "", { "dependencies": { "@aws-crypto/sha256-browser": "5.2.0", "@aws-crypto/sha256-js": "5.2.0", "@aws-sdk/core": "3.844.0", "@aws-sdk/credential-provider-node": "3.844.0", "@aws-sdk/middleware-endpoint-discovery": "3.840.0", "@aws-sdk/middleware-host-header": "3.840.0", "@aws-sdk/middleware-logger": "3.840.0", "@aws-sdk/middleware-recursion-detection": "3.840.0", "@aws-sdk/middleware-user-agent": "3.844.0", "@aws-sdk/region-config-resolver": "3.840.0", "@aws-sdk/types": "3.840.0", "@aws-sdk/util-endpoints": "3.844.0", "@aws-sdk/util-user-agent-browser": "3.840.0", "@aws-sdk/util-user-agent-node": "3.844.0", "@smithy/config-resolver": "^4.1.4", "@smithy/core": "^3.7.0", "@smithy/fetch-http-handler": "^5.1.0", "@smithy/hash-node": "^4.0.4", "@smithy/invalid-dependency": "^4.0.4", "@smithy/middleware-content-length": "^4.0.4", "@smithy/middleware-endpoint": "^4.1.14", "@smithy/middleware-retry": "^4.1.15", "@smithy/middleware-serde": "^4.0.8", "@smithy/middleware-stack": "^4.0.4", "@smithy/node-config-provider": "^4.1.3", "@smithy/node-http-handler": "^4.1.0", "@smithy/protocol-http": "^5.1.2", "@smithy/smithy-client": "^4.4.6", "@smithy/types": "^4.3.1", "@smithy/url-parser": "^4.0.4", "@smithy/util-base64": "^4.0.0", "@smithy/util-body-length-browser": "^4.0.0", "@smithy/util-body-length-node": "^4.0.0", "@smithy/util-defaults-mode-browser": "^4.0.22", "@smithy/util-defaults-mode-node": "^4.0.22", "@smithy/util-endpoints": "^3.0.6", "@smithy/util-middleware": "^4.0.4", "@smithy/util-retry": "^4.0.6", "@smithy/util-utf8": "^4.0.0", "@smithy/util-waiter": "^4.0.6", "@types/uuid": "^9.0.1", "tslib": "^2.6.2", "uuid": "^9.0.1" } }, "sha512-QpgRluxFBKC/dx62WB1lO+HNmQEFd+xJRvh7oo8JMh9LnH3RIHWPbY2QlhndS4ST46p45cvtLC8LRpquFLpLDg=="],

    "@aws-sdk/client-sso": ["@aws-sdk/client-sso@3.844.0", "", { "dependencies": { "@aws-crypto/sha256-browser": "5.2.0", "@aws-crypto/sha256-js": "5.2.0", "@aws-sdk/core": "3.844.0", "@aws-sdk/middleware-host-header": "3.840.0", "@aws-sdk/middleware-logger": "3.840.0", "@aws-sdk/middleware-recursion-detection": "3.840.0", "@aws-sdk/middleware-user-agent": "3.844.0", "@aws-sdk/region-config-resolver": "3.840.0", "@aws-sdk/types": "3.840.0", "@aws-sdk/util-endpoints": "3.844.0", "@aws-sdk/util-user-agent-browser": "3.840.0", "@aws-sdk/util-user-agent-node": "3.844.0", "@smithy/config-resolver": "^4.1.4", "@smithy/core": "^3.7.0", "@smithy/fetch-http-handler": "^5.1.0", "@smithy/hash-node": "^4.0.4", "@smithy/invalid-dependency": "^4.0.4", "@smithy/middleware-content-length": "^4.0.4", "@smithy/middleware-endpoint": "^4.1.14", "@smithy/middleware-retry": "^4.1.15", "@smithy/middleware-serde": "^4.0.8", "@smithy/middleware-stack": "^4.0.4", "@smithy/node-config-provider": "^4.1.3", "@smithy/node-http-handler": "^4.1.0", "@smithy/protocol-http": "^5.1.2", "@smithy/smithy-client": "^4.4.6", "@smithy/types": "^4.3.1", "@smithy/url-parser": "^4.0.4", "@smithy/util-base64": "^4.0.0", "@smithy/util-body-length-browser": "^4.0.0", "@smithy/util-body-length-node": "^4.0.0", "@smithy/util-defaults-mode-browser": "^4.0.22", "@smithy/util-defaults-mode-node": "^4.0.22", "@smithy/util-endpoints": "^3.0.6", "@smithy/util-middleware": "^4.0.4", "@smithy/util-retry": "^4.0.6", "@smithy/util-utf8": "^4.0.0", "tslib": "^2.6.2" } }, "sha512-FktodSx+pfUfIqMjoNwZ6t1xqq/G3cfT7I4JJ0HKHoIIZdoCHQB52x0OzKDtHDJAnEQPInasdPS8PorZBZtHmg=="],

    "@aws-sdk/core": ["@aws-sdk/core@3.844.0", "", { "dependencies": { "@aws-sdk/types": "3.840.0", "@aws-sdk/xml-builder": "3.821.0", "@smithy/core": "^3.7.0", "@smithy/node-config-provider": "^4.1.3", "@smithy/property-provider": "^4.0.4", "@smithy/protocol-http": "^5.1.2", "@smithy/signature-v4": "^5.1.2", "@smithy/smithy-client": "^4.4.6", "@smithy/types": "^4.3.1", "@smithy/util-base64": "^4.0.0", "@smithy/util-body-length-browser": "^4.0.0", "@smithy/util-middleware": "^4.0.4", "@smithy/util-utf8": "^4.0.0", "fast-xml-parser": "5.2.5", "tslib": "^2.6.2" } }, "sha512-pfpI54bG5Xf2NkqrDBC2REStXlDXNCw/whORhkEs+Tp5exU872D5QKguzjPA6hH+8Pvbq1qgt5zXMbduISTHJw=="],

    "@aws-sdk/credential-provider-env": ["@aws-sdk/credential-provider-env@3.844.0", "", { "dependencies": { "@aws-sdk/core": "3.844.0", "@aws-sdk/types": "3.840.0", "@smithy/property-provider": "^4.0.4", "@smithy/types": "^4.3.1", "tslib": "^2.6.2" } }, "sha512-WB94Ox86MqcZ4CnRjKgopzaSuZH4hMP0GqdOxG4s1it1lRWOIPOHOC1dPiM0Zbj1uqITIhbXUQVXyP/uaJeNkw=="],

    "@aws-sdk/credential-provider-http": ["@aws-sdk/credential-provider-http@3.844.0", "", { "dependencies": { "@aws-sdk/core": "3.844.0", "@aws-sdk/types": "3.840.0", "@smithy/fetch-http-handler": "^5.1.0", "@smithy/node-http-handler": "^4.1.0", "@smithy/property-provider": "^4.0.4", "@smithy/protocol-http": "^5.1.2", "@smithy/smithy-client": "^4.4.6", "@smithy/types": "^4.3.1", "@smithy/util-stream": "^4.2.3", "tslib": "^2.6.2" } }, "sha512-e+efVqfkhpM8zxYeiLNgTUlX+tmtXzVm3bw1A02U9Z9cWBHyQNb8pi90M7QniLoqRURY1B0C2JqkOE61gd4KNg=="],

    "@aws-sdk/credential-provider-ini": ["@aws-sdk/credential-provider-ini@3.844.0", "", { "dependencies": { "@aws-sdk/core": "3.844.0", "@aws-sdk/credential-provider-env": "3.844.0", "@aws-sdk/credential-provider-http": "3.844.0", "@aws-sdk/credential-provider-process": "3.844.0", "@aws-sdk/credential-provider-sso": "3.844.0", "@aws-sdk/credential-provider-web-identity": "3.844.0", "@aws-sdk/nested-clients": "3.844.0", "@aws-sdk/types": "3.840.0", "@smithy/credential-provider-imds": "^4.0.6", "@smithy/property-provider": "^4.0.4", "@smithy/shared-ini-file-loader": "^4.0.4", "@smithy/types": "^4.3.1", "tslib": "^2.6.2" } }, "sha512-jc5ArGz2HfAx5QPXD+Ep36+QWyCKzl2TG6Vtl87/vljfLhVD0gEHv8fRsqWEp3Rc6hVfKnCjLW5ayR2HYcow9w=="],

    "@aws-sdk/credential-provider-node": ["@aws-sdk/credential-provider-node@3.844.0", "", { "dependencies": { "@aws-sdk/credential-provider-env": "3.844.0", "@aws-sdk/credential-provider-http": "3.844.0", "@aws-sdk/credential-provider-ini": "3.844.0", "@aws-sdk/credential-provider-process": "3.844.0", "@aws-sdk/credential-provider-sso": "3.844.0", "@aws-sdk/credential-provider-web-identity": "3.844.0", "@aws-sdk/types": "3.840.0", "@smithy/credential-provider-imds": "^4.0.6", "@smithy/property-provider": "^4.0.4", "@smithy/shared-ini-file-loader": "^4.0.4", "@smithy/types": "^4.3.1", "tslib": "^2.6.2" } }, "sha512-pUqB0StTNyW0R03XjTA3wrQZcie/7FJKSXlYHue921ZXuhLOZpzyDkLNfdRsZTcEoYYWVPSmyS+Eu/g5yVsBNA=="],

    "@aws-sdk/credential-provider-process": ["@aws-sdk/credential-provider-process@3.844.0", "", { "dependencies": { "@aws-sdk/core": "3.844.0", "@aws-sdk/types": "3.840.0", "@smithy/property-provider": "^4.0.4", "@smithy/shared-ini-file-loader": "^4.0.4", "@smithy/types": "^4.3.1", "tslib": "^2.6.2" } }, "sha512-VCI8XvIDt2WBfk5Gi/wXKPcWTS3OkAbovB66oKcNQalllH8ESDg4SfLNhchdnN8A5sDGj6tIBJ19nk+dQ6GaqQ=="],

    "@aws-sdk/credential-provider-sso": ["@aws-sdk/credential-provider-sso@3.844.0", "", { "dependencies": { "@aws-sdk/client-sso": "3.844.0", "@aws-sdk/core": "3.844.0", "@aws-sdk/token-providers": "3.844.0", "@aws-sdk/types": "3.840.0", "@smithy/property-provider": "^4.0.4", "@smithy/shared-ini-file-loader": "^4.0.4", "@smithy/types": "^4.3.1", "tslib": "^2.6.2" } }, "sha512-UNp/uWufGlb5nWa4dpc6uQnDOB/9ysJJFG95ACowNVL9XWfi1LJO7teKrqNkVhq0CzSJS1tCt3FvX4UfM+aN1g=="],

    "@aws-sdk/credential-provider-web-identity": ["@aws-sdk/credential-provider-web-identity@3.844.0", "", { "dependencies": { "@aws-sdk/core": "3.844.0", "@aws-sdk/nested-clients": "3.844.0", "@aws-sdk/types": "3.840.0", "@smithy/property-provider": "^4.0.4", "@smithy/types": "^4.3.1", "tslib": "^2.6.2" } }, "sha512-iDmX4pPmatjttIScdspZRagaFnCjpHZIEEwTyKdXxUaU0iAOSXF8ecrCEvutETvImPOC86xdrq+MPacJOnMzUA=="],

    "@aws-sdk/endpoint-cache": ["@aws-sdk/endpoint-cache@3.804.0", "", { "dependencies": { "mnemonist": "0.38.3", "tslib": "^2.6.2" } }, "sha512-TQVDkA/lV6ua75ELZaichMzlp6x7tDa1bqdy/+0ZftmODPtKXuOOEcJxmdN7Ui/YRo1gkRz2D9txYy7IlNg1Og=="],

    "@aws-sdk/lib-dynamodb": ["@aws-sdk/lib-dynamodb@3.844.0", "", { "dependencies": { "@aws-sdk/core": "3.844.0", "@aws-sdk/util-dynamodb": "3.844.0", "@smithy/core": "^3.7.0", "@smithy/smithy-client": "^4.4.6", "@smithy/types": "^4.3.1", "tslib": "^2.6.2" }, "peerDependencies": { "@aws-sdk/client-dynamodb": "^3.844.0" } }, "sha512-Zdv0dxyDTbCKN9AwdS8hUtW0QyMBbMuXFeHa1AhZ7mc1XACM8AF9e8840vZpSThLy+Hfp8Z0770xZfk8/DNPbA=="],

    "@aws-sdk/middleware-endpoint-discovery": ["@aws-sdk/middleware-endpoint-discovery@3.840.0", "", { "dependencies": { "@aws-sdk/endpoint-cache": "3.804.0", "@aws-sdk/types": "3.840.0", "@smithy/node-config-provider": "^4.1.3", "@smithy/protocol-http": "^5.1.2", "@smithy/types": "^4.3.1", "tslib": "^2.6.2" } }, "sha512-IJDShY5NOg9luTE8h4o2Bm+gsPnHIU0tVWCjMz8vZMLevYjKdIsatcXiu3huTOjKSnelzC9fBHfU6KKsHmjjBQ=="],

    "@aws-sdk/middleware-host-header": ["@aws-sdk/middleware-host-header@3.840.0", "", { "dependencies": { "@aws-sdk/types": "3.840.0", "@smithy/protocol-http": "^5.1.2", "@smithy/types": "^4.3.1", "tslib": "^2.6.2" } }, "sha512-ub+hXJAbAje94+Ya6c6eL7sYujoE8D4Bumu1NUI8TXjUhVVn0HzVWQjpRLshdLsUp1AW7XyeJaxyajRaJQ8+Xg=="],

    "@aws-sdk/middleware-logger": ["@aws-sdk/middleware-logger@3.840.0", "", { "dependencies": { "@aws-sdk/types": "3.840.0", "@smithy/types": "^4.3.1", "tslib": "^2.6.2" } }, "sha512-lSV8FvjpdllpGaRspywss4CtXV8M7NNNH+2/j86vMH+YCOZ6fu2T/TyFd/tHwZ92vDfHctWkRbQxg0bagqwovA=="],

    "@aws-sdk/middleware-recursion-detection": ["@aws-sdk/middleware-recursion-detection@3.840.0", "", { "dependencies": { "@aws-sdk/types": "3.840.0", "@smithy/protocol-http": "^5.1.2", "@smithy/types": "^4.3.1", "tslib": "^2.6.2" } }, "sha512-Gu7lGDyfddyhIkj1Z1JtrY5NHb5+x/CRiB87GjaSrKxkDaydtX2CU977JIABtt69l9wLbcGDIQ+W0uJ5xPof7g=="],

    "@aws-sdk/middleware-user-agent": ["@aws-sdk/middleware-user-agent@3.844.0", "", { "dependencies": { "@aws-sdk/core": "3.844.0", "@aws-sdk/types": "3.840.0", "@aws-sdk/util-endpoints": "3.844.0", "@smithy/core": "^3.7.0", "@smithy/protocol-http": "^5.1.2", "@smithy/types": "^4.3.1", "tslib": "^2.6.2" } }, "sha512-SIbDNUL6ZYXPj5Tk0qEz05sW9kNS1Gl3/wNWEmH+AuUACipkyIeKKWzD6z5433MllETh73vtka/JQF3g7AuZww=="],

    "@aws-sdk/nested-clients": ["@aws-sdk/nested-clients@3.844.0", "", { "dependencies": { "@aws-crypto/sha256-browser": "5.2.0", "@aws-crypto/sha256-js": "5.2.0", "@aws-sdk/core": "3.844.0", "@aws-sdk/middleware-host-header": "3.840.0", "@aws-sdk/middleware-logger": "3.840.0", "@aws-sdk/middleware-recursion-detection": "3.840.0", "@aws-sdk/middleware-user-agent": "3.844.0", "@aws-sdk/region-config-resolver": "3.840.0", "@aws-sdk/types": "3.840.0", "@aws-sdk/util-endpoints": "3.844.0", "@aws-sdk/util-user-agent-browser": "3.840.0", "@aws-sdk/util-user-agent-node": "3.844.0", "@smithy/config-resolver": "^4.1.4", "@smithy/core": "^3.7.0", "@smithy/fetch-http-handler": "^5.1.0", "@smithy/hash-node": "^4.0.4", "@smithy/invalid-dependency": "^4.0.4", "@smithy/middleware-content-length": "^4.0.4", "@smithy/middleware-endpoint": "^4.1.14", "@smithy/middleware-retry": "^4.1.15", "@smithy/middleware-serde": "^4.0.8", "@smithy/middleware-stack": "^4.0.4", "@smithy/node-config-provider": "^4.1.3", "@smithy/node-http-handler": "^4.1.0", "@smithy/protocol-http": "^5.1.2", "@smithy/smithy-client": "^4.4.6", "@smithy/types": "^4.3.1", "@smithy/url-parser": "^4.0.4", "@smithy/util-base64": "^4.0.0", "@smithy/util-body-length-browser": "^4.0.0", "@smithy/util-body-length-node": "^4.0.0", "@smithy/util-defaults-mode-browser": "^4.0.22", "@smithy/util-defaults-mode-node": "^4.0.22", "@smithy/util-endpoints": "^3.0.6", "@smithy/util-middleware": "^4.0.4", "@smithy/util-retry": "^4.0.6", "@smithy/util-utf8": "^4.0.0", "tslib": "^2.6.2" } }, "sha512-p2XILWc7AcevUSpBg2VtQrk79eWQC4q2JsCSY7HxKpFLZB4mMOfmiTyYkR1gEA6AttK/wpCOtfz+hi1/+z2V1A=="],

    "@aws-sdk/region-config-resolver": ["@aws-sdk/region-config-resolver@3.840.0", "", { "dependencies": { "@aws-sdk/types": "3.840.0", "@smithy/node-config-provider": "^4.1.3", "@smithy/types": "^4.3.1", "@smithy/util-config-provider": "^4.0.0", "@smithy/util-middleware": "^4.0.4", "tslib": "^2.6.2" } }, "sha512-Qjnxd/yDv9KpIMWr90ZDPtRj0v75AqGC92Lm9+oHXZ8p1MjG5JE2CW0HL8JRgK9iKzgKBL7pPQRXI8FkvEVfrA=="],

    "@aws-sdk/token-providers": ["@aws-sdk/token-providers@3.844.0", "", { "dependencies": { "@aws-sdk/core": "3.844.0", "@aws-sdk/nested-clients": "3.844.0", "@aws-sdk/types": "3.840.0", "@smithy/property-provider": "^4.0.4", "@smithy/shared-ini-file-loader": "^4.0.4", "@smithy/types": "^4.3.1", "tslib": "^2.6.2" } }, "sha512-Kh728FEny0fil+LeH8U1offPJCTd/EDh8liBAvLtViLHt2WoX2xC8rk98D38Q5p79aIUhHb3Pf4n9IZfTu/Kog=="],

    "@aws-sdk/types": ["@aws-sdk/types@3.840.0", "", { "dependencies": { "@smithy/types": "^4.3.1", "tslib": "^2.6.2" } }, "sha512-xliuHaUFZxEx1NSXeLLZ9Dyu6+EJVQKEoD+yM+zqUo3YDZ7medKJWY6fIOKiPX/N7XbLdBYwajb15Q7IL8KkeA=="],

    "@aws-sdk/util-dynamodb": ["@aws-sdk/util-dynamodb@3.844.0", "", { "dependencies": { "tslib": "^2.6.2" }, "peerDependencies": { "@aws-sdk/client-dynamodb": "^3.844.0" } }, "sha512-idKpV8wDQUdmv7gDh3073pceujd1D6bGqYZTLXWprHBao44iyHnY97FIx8zhBEHLi4HxzD2HqHzpljTAOwgYjQ=="],

    "@aws-sdk/util-endpoints": ["@aws-sdk/util-endpoints@3.844.0", "", { "dependencies": { "@aws-sdk/types": "3.840.0", "@smithy/types": "^4.3.1", "@smithy/url-parser": "^4.0.4", "@smithy/util-endpoints": "^3.0.6", "tslib": "^2.6.2" } }, "sha512-1DHh0WTUmxlysz3EereHKtKoxVUG9UC5BsfAw6Bm4/6qDlJiqtY3oa2vebkYN23yltKdfsCK65cwnBRU59mWVg=="],

    "@aws-sdk/util-locate-window": ["@aws-sdk/util-locate-window@3.804.0", "", { "dependencies": { "tslib": "^2.6.2" } }, "sha512-zVoRfpmBVPodYlnMjgVjfGoEZagyRF5IPn3Uo6ZvOZp24chnW/FRstH7ESDHDDRga4z3V+ElUQHKpFDXWyBW5A=="],

    "@aws-sdk/util-user-agent-browser": ["@aws-sdk/util-user-agent-browser@3.840.0", "", { "dependencies": { "@aws-sdk/types": "3.840.0", "@smithy/types": "^4.3.1", "bowser": "^2.11.0", "tslib": "^2.6.2" } }, "sha512-JdyZM3EhhL4PqwFpttZu1afDpPJCCc3eyZOLi+srpX11LsGj6sThf47TYQN75HT1CarZ7cCdQHGzP2uy3/xHfQ=="],

    "@aws-sdk/util-user-agent-node": ["@aws-sdk/util-user-agent-node@3.844.0", "", { "dependencies": { "@aws-sdk/middleware-user-agent": "3.844.0", "@aws-sdk/types": "3.840.0", "@smithy/node-config-provider": "^4.1.3", "@smithy/types": "^4.3.1", "tslib": "^2.6.2" }, "peerDependencies": { "aws-crt": ">=1.0.0" }, "optionalPeers": ["aws-crt"] }, "sha512-0eTpURp9Gxbyyeqr78ogARZMSWS5KUMZuN+XMHxNpQLmn2S+J3g+MAyoklCcwhKXlbdQq2aMULEiy0mqIWytuw=="],

    "@aws-sdk/xml-builder": ["@aws-sdk/xml-builder@3.821.0", "", { "dependencies": { "@smithy/types": "^4.3.1", "tslib": "^2.6.2" } }, "sha512-DIIotRnefVL6DiaHtO6/21DhJ4JZnnIwdNbpwiAhdt/AVbttcE4yw925gsjur0OGv5BTYXQXU3YnANBYnZjuQA=="],

    "@better-auth/utils": ["@better-auth/utils@0.2.5", "", { "dependencies": { "typescript": "^5.8.2", "uncrypto": "^0.1.3" } }, "sha512-uI2+/8h/zVsH8RrYdG8eUErbuGBk16rZKQfz8CjxQOyCE6v7BqFYEbFwvOkvl1KbUdxhqOnXp78+uE5h8qVEgQ=="],

    "@better-fetch/fetch": ["@better-fetch/fetch@1.1.18", "", {}, "sha512-rEFOE1MYIsBmoMJtQbl32PGHHXuG2hDxvEd7rUHE0vCBoFQVSDqaVs9hkZEtHCxRoY+CljXKFCOuJ8uxqw1LcA=="],

    "@hexagon/base64": ["@hexagon/base64@1.1.28", "", {}, "sha512-lhqDEAvWixy3bZ+UOYbPwUbBkwBq5C1LAJ/xPC8Oi+lL54oyakv/npbA0aU2hgCsx/1NUd4IBvV03+aUBWxerw=="],

    "@levischuck/tiny-cbor": ["@levischuck/tiny-cbor@0.2.11", "", {}, "sha512-llBRm4dT4Z89aRsm6u2oEZ8tfwL/2l6BwpZ7JcyieouniDECM5AqNgr/y08zalEIvW3RSK4upYyybDcmjXqAow=="],

    "@noble/ciphers": ["@noble/ciphers@0.6.0", "", {}, "sha512-mIbq/R9QXk5/cTfESb1OKtyFnk7oc1Om/8onA1158K9/OZUQFDEVy55jVTato+xmp3XX6F6Qh0zz0Nc1AxAlRQ=="],

    "@noble/hashes": ["@noble/hashes@1.8.0", "", {}, "sha512-jCs9ldd7NwzpgXDIf6P3+NrHh9/sD6CQdxHyjQI+h/6rDNo88ypBxxz45UDuZHz9r3tNz7N/VInSVoVdtXEI4A=="],

    "@peculiar/asn1-android": ["@peculiar/asn1-android@2.3.16", "", { "dependencies": { "@peculiar/asn1-schema": "^2.3.15", "asn1js": "^3.0.5", "tslib": "^2.8.1" } }, "sha512-a1viIv3bIahXNssrOIkXZIlI2ePpZaNmR30d4aBL99mu2rO+mT9D6zBsp7H6eROWGtmwv0Ionp5olJurIo09dw=="],

    "@peculiar/asn1-ecc": ["@peculiar/asn1-ecc@2.3.15", "", { "dependencies": { "@peculiar/asn1-schema": "^2.3.15", "@peculiar/asn1-x509": "^2.3.15", "asn1js": "^3.0.5", "tslib": "^2.8.1" } }, "sha512-/HtR91dvgog7z/WhCVdxZJ/jitJuIu8iTqiyWVgRE9Ac5imt2sT/E4obqIVGKQw7PIy+X6i8lVBoT6wC73XUgA=="],

    "@peculiar/asn1-rsa": ["@peculiar/asn1-rsa@2.3.15", "", { "dependencies": { "@peculiar/asn1-schema": "^2.3.15", "@peculiar/asn1-x509": "^2.3.15", "asn1js": "^3.0.5", "tslib": "^2.8.1" } }, "sha512-p6hsanvPhexRtYSOHihLvUUgrJ8y0FtOM97N5UEpC+VifFYyZa0iZ5cXjTkZoDwxJ/TTJ1IJo3HVTB2JJTpXvg=="],

    "@peculiar/asn1-schema": ["@peculiar/asn1-schema@2.3.15", "", { "dependencies": { "asn1js": "^3.0.5", "pvtsutils": "^1.3.6", "tslib": "^2.8.1" } }, "sha512-QPeD8UA8axQREpgR5UTAfu2mqQmm97oUqahDtNdBcfj3qAnoXzFdQW+aNf/tD2WVXF8Fhmftxoj0eMIT++gX2w=="],

    "@peculiar/asn1-x509": ["@peculiar/asn1-x509@2.3.15", "", { "dependencies": { "@peculiar/asn1-schema": "^2.3.15", "asn1js": "^3.0.5", "pvtsutils": "^1.3.6", "tslib": "^2.8.1" } }, "sha512-0dK5xqTqSLaxv1FHXIcd4Q/BZNuopg+u1l23hT9rOmQ1g4dNtw0g/RnEi+TboB0gOwGtrWn269v27cMgchFIIg=="],

    "@react-email/render": ["@react-email/render@1.1.2", "", { "dependencies": { "html-to-text": "^9.0.5", "prettier": "^3.5.3", "react-promise-suspense": "^0.3.4" }, "peerDependencies": { "react": "^18.0 || ^19.0 || ^19.0.0-rc", "react-dom": "^18.0 || ^19.0 || ^19.0.0-rc" } }, "sha512-RnRehYN3v9gVlNMehHPHhyp2RQo7+pSkHDtXPvg3s0GbzM9SQMW4Qrf8GRNvtpLC4gsI+Wt0VatNRUFqjvevbw=="],

    "@selderee/plugin-htmlparser2": ["@selderee/plugin-htmlparser2@0.11.0", "", { "dependencies": { "domhandler": "^5.0.3", "selderee": "^0.11.0" } }, "sha512-P33hHGdldxGabLFjPPpaTxVolMrzrcegejx+0GxjrIb9Zv48D8yAIA/QTDR2dFl7Uz7urX8aX6+5bCZslr+gWQ=="],

    "@simplewebauthn/browser": ["@simplewebauthn/browser@13.1.2", "", {}, "sha512-aZnW0KawAM83fSBUgglP5WofbrLbLyr7CoPqYr66Eppm7zO86YX6rrCjRB3hQKPrL7ATvY4FVXlykZ6w6FwYYw=="],

    "@simplewebauthn/server": ["@simplewebauthn/server@13.1.2", "", { "dependencies": { "@hexagon/base64": "^1.1.27", "@levischuck/tiny-cbor": "^0.2.2", "@peculiar/asn1-android": "^2.3.10", "@peculiar/asn1-ecc": "^2.3.8", "@peculiar/asn1-rsa": "^2.3.8", "@peculiar/asn1-schema": "^2.3.8", "@peculiar/asn1-x509": "^2.3.8" } }, "sha512-VwoDfvLXSCaRiD+xCIuyslU0HLxVggeE5BL06+GbsP2l1fGf5op8e0c3ZtKoi+vSg1q4ikjtAghC23ze2Q3H9g=="],

    "@smithy/abort-controller": ["@smithy/abort-controller@4.0.4", "", { "dependencies": { "@smithy/types": "^4.3.1", "tslib": "^2.6.2" } }, "sha512-gJnEjZMvigPDQWHrW3oPrFhQtkrgqBkyjj3pCIdF3A5M6vsZODG93KNlfJprv6bp4245bdT32fsHK4kkH3KYDA=="],

    "@smithy/config-resolver": ["@smithy/config-resolver@4.1.4", "", { "dependencies": { "@smithy/node-config-provider": "^4.1.3", "@smithy/types": "^4.3.1", "@smithy/util-config-provider": "^4.0.0", "@smithy/util-middleware": "^4.0.4", "tslib": "^2.6.2" } }, "sha512-prmU+rDddxHOH0oNcwemL+SwnzcG65sBF2yXRO7aeXIn/xTlq2pX7JLVbkBnVLowHLg4/OL4+jBmv9hVrVGS+w=="],

    "@smithy/core": ["@smithy/core@3.7.0", "", { "dependencies": { "@smithy/middleware-serde": "^4.0.8", "@smithy/protocol-http": "^5.1.2", "@smithy/types": "^4.3.1", "@smithy/util-base64": "^4.0.0", "@smithy/util-body-length-browser": "^4.0.0", "@smithy/util-middleware": "^4.0.4", "@smithy/util-stream": "^4.2.3", "@smithy/util-utf8": "^4.0.0", "tslib": "^2.6.2" } }, "sha512-7ov8hu/4j0uPZv8b27oeOFtIBtlFmM3ibrPv/Omx1uUdoXvcpJ00U+H/OWWC/keAguLlcqwtyL2/jTlSnApgNQ=="],

    "@smithy/credential-provider-imds": ["@smithy/credential-provider-imds@4.0.6", "", { "dependencies": { "@smithy/node-config-provider": "^4.1.3", "@smithy/property-provider": "^4.0.4", "@smithy/types": "^4.3.1", "@smithy/url-parser": "^4.0.4", "tslib": "^2.6.2" } }, "sha512-hKMWcANhUiNbCJouYkZ9V3+/Qf9pteR1dnwgdyzR09R4ODEYx8BbUysHwRSyex4rZ9zapddZhLFTnT4ZijR4pw=="],

    "@smithy/fetch-http-handler": ["@smithy/fetch-http-handler@5.1.0", "", { "dependencies": { "@smithy/protocol-http": "^5.1.2", "@smithy/querystring-builder": "^4.0.4", "@smithy/types": "^4.3.1", "@smithy/util-base64": "^4.0.0", "tslib": "^2.6.2" } }, "sha512-mADw7MS0bYe2OGKkHYMaqarOXuDwRbO6ArD91XhHcl2ynjGCFF+hvqf0LyQcYxkA1zaWjefSkU7Ne9mqgApSgQ=="],

    "@smithy/hash-node": ["@smithy/hash-node@4.0.4", "", { "dependencies": { "@smithy/types": "^4.3.1", "@smithy/util-buffer-from": "^4.0.0", "@smithy/util-utf8": "^4.0.0", "tslib": "^2.6.2" } }, "sha512-qnbTPUhCVnCgBp4z4BUJUhOEkVwxiEi1cyFM+Zj6o+aY8OFGxUQleKWq8ltgp3dujuhXojIvJWdoqpm6dVO3lQ=="],

    "@smithy/invalid-dependency": ["@smithy/invalid-dependency@4.0.4", "", { "dependencies": { "@smithy/types": "^4.3.1", "tslib": "^2.6.2" } }, "sha512-bNYMi7WKTJHu0gn26wg8OscncTt1t2b8KcsZxvOv56XA6cyXtOAAAaNP7+m45xfppXfOatXF3Sb1MNsLUgVLTw=="],

    "@smithy/is-array-buffer": ["@smithy/is-array-buffer@4.0.0", "", { "dependencies": { "tslib": "^2.6.2" } }, "sha512-saYhF8ZZNoJDTvJBEWgeBccCg+yvp1CX+ed12yORU3NilJScfc6gfch2oVb4QgxZrGUx3/ZJlb+c/dJbyupxlw=="],

    "@smithy/middleware-content-length": ["@smithy/middleware-content-length@4.0.4", "", { "dependencies": { "@smithy/protocol-http": "^5.1.2", "@smithy/types": "^4.3.1", "tslib": "^2.6.2" } }, "sha512-F7gDyfI2BB1Kc+4M6rpuOLne5LOcEknH1n6UQB69qv+HucXBR1rkzXBnQTB2q46sFy1PM/zuSJOB532yc8bg3w=="],

    "@smithy/middleware-endpoint": ["@smithy/middleware-endpoint@4.1.14", "", { "dependencies": { "@smithy/core": "^3.7.0", "@smithy/middleware-serde": "^4.0.8", "@smithy/node-config-provider": "^4.1.3", "@smithy/shared-ini-file-loader": "^4.0.4", "@smithy/types": "^4.3.1", "@smithy/url-parser": "^4.0.4", "@smithy/util-middleware": "^4.0.4", "tslib": "^2.6.2" } }, "sha512-+BGLpK5D93gCcSEceaaYhUD/+OCGXM1IDaq/jKUQ+ujB0PTWlWN85noodKw/IPFZhIKFCNEe19PGd/reUMeLSQ=="],

    "@smithy/middleware-retry": ["@smithy/middleware-retry@4.1.15", "", { "dependencies": { "@smithy/node-config-provider": "^4.1.3", "@smithy/protocol-http": "^5.1.2", "@smithy/service-error-classification": "^4.0.6", "@smithy/smithy-client": "^4.4.6", "@smithy/types": "^4.3.1", "@smithy/util-middleware": "^4.0.4", "@smithy/util-retry": "^4.0.6", "tslib": "^2.6.2", "uuid": "^9.0.1" } }, "sha512-iKYUJpiyTQ33U2KlOZeUb0GwtzWR3C0soYcKuCnTmJrvt6XwTPQZhMfsjJZNw7PpQ3TU4Ati1qLSrkSJxnnSMQ=="],

    "@smithy/middleware-serde": ["@smithy/middleware-serde@4.0.8", "", { "dependencies": { "@smithy/protocol-http": "^5.1.2", "@smithy/types": "^4.3.1", "tslib": "^2.6.2" } }, "sha512-iSSl7HJoJaGyMIoNn2B7czghOVwJ9nD7TMvLhMWeSB5vt0TnEYyRRqPJu/TqW76WScaNvYYB8nRoiBHR9S1Ddw=="],

    "@smithy/middleware-stack": ["@smithy/middleware-stack@4.0.4", "", { "dependencies": { "@smithy/types": "^4.3.1", "tslib": "^2.6.2" } }, "sha512-kagK5ggDrBUCCzI93ft6DjteNSfY8Ulr83UtySog/h09lTIOAJ/xUSObutanlPT0nhoHAkpmW9V5K8oPyLh+QA=="],

    "@smithy/node-config-provider": ["@smithy/node-config-provider@4.1.3", "", { "dependencies": { "@smithy/property-provider": "^4.0.4", "@smithy/shared-ini-file-loader": "^4.0.4", "@smithy/types": "^4.3.1", "tslib": "^2.6.2" } }, "sha512-HGHQr2s59qaU1lrVH6MbLlmOBxadtzTsoO4c+bF5asdgVik3I8o7JIOzoeqWc5MjVa+vD36/LWE0iXKpNqooRw=="],

    "@smithy/node-http-handler": ["@smithy/node-http-handler@4.1.0", "", { "dependencies": { "@smithy/abort-controller": "^4.0.4", "@smithy/protocol-http": "^5.1.2", "@smithy/querystring-builder": "^4.0.4", "@smithy/types": "^4.3.1", "tslib": "^2.6.2" } }, "sha512-vqfSiHz2v8b3TTTrdXi03vNz1KLYYS3bhHCDv36FYDqxT7jvTll1mMnCrkD+gOvgwybuunh/2VmvOMqwBegxEg=="],

    "@smithy/property-provider": ["@smithy/property-provider@4.0.4", "", { "dependencies": { "@smithy/types": "^4.3.1", "tslib": "^2.6.2" } }, "sha512-qHJ2sSgu4FqF4U/5UUp4DhXNmdTrgmoAai6oQiM+c5RZ/sbDwJ12qxB1M6FnP+Tn/ggkPZf9ccn4jqKSINaquw=="],

    "@smithy/protocol-http": ["@smithy/protocol-http@5.1.2", "", { "dependencies": { "@smithy/types": "^4.3.1", "tslib": "^2.6.2" } }, "sha512-rOG5cNLBXovxIrICSBm95dLqzfvxjEmuZx4KK3hWwPFHGdW3lxY0fZNXfv2zebfRO7sJZ5pKJYHScsqopeIWtQ=="],

    "@smithy/querystring-builder": ["@smithy/querystring-builder@4.0.4", "", { "dependencies": { "@smithy/types": "^4.3.1", "@smithy/util-uri-escape": "^4.0.0", "tslib": "^2.6.2" } }, "sha512-SwREZcDnEYoh9tLNgMbpop+UTGq44Hl9tdj3rf+yeLcfH7+J8OXEBaMc2kDxtyRHu8BhSg9ADEx0gFHvpJgU8w=="],

    "@smithy/querystring-parser": ["@smithy/querystring-parser@4.0.4", "", { "dependencies": { "@smithy/types": "^4.3.1", "tslib": "^2.6.2" } }, "sha512-6yZf53i/qB8gRHH/l2ZwUG5xgkPgQF15/KxH0DdXMDHjesA9MeZje/853ifkSY0x4m5S+dfDZ+c4x439PF0M2w=="],

    "@smithy/service-error-classification": ["@smithy/service-error-classification@4.0.6", "", { "dependencies": { "@smithy/types": "^4.3.1" } }, "sha512-RRoTDL//7xi4tn5FrN2NzH17jbgmnKidUqd4KvquT0954/i6CXXkh1884jBiunq24g9cGtPBEXlU40W6EpNOOg=="],

    "@smithy/shared-ini-file-loader": ["@smithy/shared-ini-file-loader@4.0.4", "", { "dependencies": { "@smithy/types": "^4.3.1", "tslib": "^2.6.2" } }, "sha512-63X0260LoFBjrHifPDs+nM9tV0VMkOTl4JRMYNuKh/f5PauSjowTfvF3LogfkWdcPoxsA9UjqEOgjeYIbhb7Nw=="],

    "@smithy/signature-v4": ["@smithy/signature-v4@5.1.2", "", { "dependencies": { "@smithy/is-array-buffer": "^4.0.0", "@smithy/protocol-http": "^5.1.2", "@smithy/types": "^4.3.1", "@smithy/util-hex-encoding": "^4.0.0", "@smithy/util-middleware": "^4.0.4", "@smithy/util-uri-escape": "^4.0.0", "@smithy/util-utf8": "^4.0.0", "tslib": "^2.6.2" } }, "sha512-d3+U/VpX7a60seHziWnVZOHuEgJlclufjkS6zhXvxcJgkJq4UWdH5eOBLzHRMx6gXjsdT9h6lfpmLzbrdupHgQ=="],

    "@smithy/smithy-client": ["@smithy/smithy-client@4.4.6", "", { "dependencies": { "@smithy/core": "^3.7.0", "@smithy/middleware-endpoint": "^4.1.14", "@smithy/middleware-stack": "^4.0.4", "@smithy/protocol-http": "^5.1.2", "@smithy/types": "^4.3.1", "@smithy/util-stream": "^4.2.3", "tslib": "^2.6.2" } }, "sha512-3wfhywdzB/CFszP6moa5L3lf5/zSfQoH0kvVSdkyK2az5qZet0sn2PAHjcTDiq296Y4RP5yxF7B6S6+3oeBUCQ=="],

    "@smithy/types": ["@smithy/types@4.3.1", "", { "dependencies": { "tslib": "^2.6.2" } }, "sha512-UqKOQBL2x6+HWl3P+3QqFD4ncKq0I8Nuz9QItGv5WuKuMHuuwlhvqcZCoXGfc+P1QmfJE7VieykoYYmrOoFJxA=="],

    "@smithy/url-parser": ["@smithy/url-parser@4.0.4", "", { "dependencies": { "@smithy/querystring-parser": "^4.0.4", "@smithy/types": "^4.3.1", "tslib": "^2.6.2" } }, "sha512-eMkc144MuN7B0TDA4U2fKs+BqczVbk3W+qIvcoCY6D1JY3hnAdCuhCZODC+GAeaxj0p6Jroz4+XMUn3PCxQQeQ=="],

    "@smithy/util-base64": ["@smithy/util-base64@4.0.0", "", { "dependencies": { "@smithy/util-buffer-from": "^4.0.0", "@smithy/util-utf8": "^4.0.0", "tslib": "^2.6.2" } }, "sha512-CvHfCmO2mchox9kjrtzoHkWHxjHZzaFojLc8quxXY7WAAMAg43nuxwv95tATVgQFNDwd4M9S1qFzj40Ul41Kmg=="],

    "@smithy/util-body-length-browser": ["@smithy/util-body-length-browser@4.0.0", "", { "dependencies": { "tslib": "^2.6.2" } }, "sha512-sNi3DL0/k64/LO3A256M+m3CDdG6V7WKWHdAiBBMUN8S3hK3aMPhwnPik2A/a2ONN+9doY9UxaLfgqsIRg69QA=="],

    "@smithy/util-body-length-node": ["@smithy/util-body-length-node@4.0.0", "", { "dependencies": { "tslib": "^2.6.2" } }, "sha512-q0iDP3VsZzqJyje8xJWEJCNIu3lktUGVoSy1KB0UWym2CL1siV3artm+u1DFYTLejpsrdGyCSWBdGNjJzfDPjg=="],

    "@smithy/util-buffer-from": ["@smithy/util-buffer-from@4.0.0", "", { "dependencies": { "@smithy/is-array-buffer": "^4.0.0", "tslib": "^2.6.2" } }, "sha512-9TOQ7781sZvddgO8nxueKi3+yGvkY35kotA0Y6BWRajAv8jjmigQ1sBwz0UX47pQMYXJPahSKEKYFgt+rXdcug=="],

    "@smithy/util-config-provider": ["@smithy/util-config-provider@4.0.0", "", { "dependencies": { "tslib": "^2.6.2" } }, "sha512-L1RBVzLyfE8OXH+1hsJ8p+acNUSirQnWQ6/EgpchV88G6zGBTDPdXiiExei6Z1wR2RxYvxY/XLw6AMNCCt8H3w=="],

    "@smithy/util-defaults-mode-browser": ["@smithy/util-defaults-mode-browser@4.0.22", "", { "dependencies": { "@smithy/property-provider": "^4.0.4", "@smithy/smithy-client": "^4.4.6", "@smithy/types": "^4.3.1", "bowser": "^2.11.0", "tslib": "^2.6.2" } }, "sha512-hjElSW18Wq3fUAWVk6nbk7pGrV7ZT14DL1IUobmqhV3lxcsIenr5FUsDe2jlTVaS8OYBI3x+Og9URv5YcKb5QA=="],

    "@smithy/util-defaults-mode-node": ["@smithy/util-defaults-mode-node@4.0.22", "", { "dependencies": { "@smithy/config-resolver": "^4.1.4", "@smithy/credential-provider-imds": "^4.0.6", "@smithy/node-config-provider": "^4.1.3", "@smithy/property-provider": "^4.0.4", "@smithy/smithy-client": "^4.4.6", "@smithy/types": "^4.3.1", "tslib": "^2.6.2" } }, "sha512-7B8mfQBtwwr2aNRRmU39k/bsRtv9B6/1mTMrGmmdJFKmLAH+KgIiOuhaqfKOBGh9sZ/VkZxbvm94rI4MMYpFjQ=="],

    "@smithy/util-endpoints": ["@smithy/util-endpoints@3.0.6", "", { "dependencies": { "@smithy/node-config-provider": "^4.1.3", "@smithy/types": "^4.3.1", "tslib": "^2.6.2" } }, "sha512-YARl3tFL3WgPuLzljRUnrS2ngLiUtkwhQtj8PAL13XZSyUiNLQxwG3fBBq3QXFqGFUXepIN73pINp3y8c2nBmA=="],

    "@smithy/util-hex-encoding": ["@smithy/util-hex-encoding@4.0.0", "", { "dependencies": { "tslib": "^2.6.2" } }, "sha512-Yk5mLhHtfIgW2W2WQZWSg5kuMZCVbvhFmC7rV4IO2QqnZdbEFPmQnCcGMAX2z/8Qj3B9hYYNjZOhWym+RwhePw=="],

    "@smithy/util-middleware": ["@smithy/util-middleware@4.0.4", "", { "dependencies": { "@smithy/types": "^4.3.1", "tslib": "^2.6.2" } }, "sha512-9MLKmkBmf4PRb0ONJikCbCwORACcil6gUWojwARCClT7RmLzF04hUR4WdRprIXal7XVyrddadYNfp2eF3nrvtQ=="],

    "@smithy/util-retry": ["@smithy/util-retry@4.0.6", "", { "dependencies": { "@smithy/service-error-classification": "^4.0.6", "@smithy/types": "^4.3.1", "tslib": "^2.6.2" } }, "sha512-+YekoF2CaSMv6zKrA6iI/N9yva3Gzn4L6n35Luydweu5MMPYpiGZlWqehPHDHyNbnyaYlz/WJyYAZnC+loBDZg=="],

    "@smithy/util-stream": ["@smithy/util-stream@4.2.3", "", { "dependencies": { "@smithy/fetch-http-handler": "^5.1.0", "@smithy/node-http-handler": "^4.1.0", "@smithy/types": "^4.3.1", "@smithy/util-base64": "^4.0.0", "@smithy/util-buffer-from": "^4.0.0", "@smithy/util-hex-encoding": "^4.0.0", "@smithy/util-utf8": "^4.0.0", "tslib": "^2.6.2" } }, "sha512-cQn412DWHHFNKrQfbHY8vSFI3nTROY1aIKji9N0tpp8gUABRilr7wdf8fqBbSlXresobM+tQFNk6I+0LXK/YZg=="],

    "@smithy/util-uri-escape": ["@smithy/util-uri-escape@4.0.0", "", { "dependencies": { "tslib": "^2.6.2" } }, "sha512-77yfbCbQMtgtTylO9itEAdpPXSog3ZxMe09AEhm0dU0NLTalV70ghDZFR+Nfi1C60jnJoh/Re4090/DuZh2Omg=="],

    "@smithy/util-utf8": ["@smithy/util-utf8@4.0.0", "", { "dependencies": { "@smithy/util-buffer-from": "^4.0.0", "tslib": "^2.6.2" } }, "sha512-b+zebfKCfRdgNJDknHCob3O7FpeYQN6ZG6YLExMcasDHsCXlsXCEuiPZeLnJLpwa5dvPetGlnGCiMHuLwGvFow=="],

    "@smithy/util-waiter": ["@smithy/util-waiter@4.0.6", "", { "dependencies": { "@smithy/abort-controller": "^4.0.4", "@smithy/types": "^4.3.1", "tslib": "^2.6.2" } }, "sha512-slcr1wdRbX7NFphXZOxtxRNA7hXAAtJAXJDE/wdoMAos27SIquVCKiSqfB6/28YzQ8FCsB5NKkhdM5gMADbqxg=="],

    "@types/bun": ["@types/bun@1.2.18", "", { "dependencies": { "bun-types": "1.2.18" } }, "sha512-Xf6RaWVheyemaThV0kUfaAUvCNokFr+bH8Jxp+tTZfx7dAPA8z9ePnP9S9+Vspzuxxx9JRAXhnyccRj3GyCMdQ=="],

    "@types/node": ["@types/node@24.0.13", "", { "dependencies": { "undici-types": "~7.8.0" } }, "sha512-Qm9OYVOFHFYg3wJoTSrz80hoec5Lia/dPp84do3X7dZvLikQvM1YpmvTBEdIr/e+U8HTkFjLHLnl78K/qjf+jQ=="],

    "@types/pg": ["@types/pg@8.15.4", "", { "dependencies": { "@types/node": "*", "pg-protocol": "*", "pg-types": "^2.2.0" } }, "sha512-I6UNVBAoYbvuWkkU3oosC8yxqH21f4/Jc4DK71JLG3dT2mdlGe1z+ep/LQGXaKaOgcvUrsQoPRqfgtMcvZiJhg=="],

    "@types/react": ["@types/react@19.1.8", "", { "dependencies": { "csstype": "^3.0.2" } }, "sha512-AwAfQ2Wa5bCx9WP8nZL2uMZWod7J7/JSplxbTmBQ5ms6QpqNYm672H0Vu9ZVKVngQ+ii4R/byguVEUZQyeg44g=="],

    "@types/uuid": ["@types/uuid@9.0.8", "", {}, "sha512-jg+97EGIcY9AGHJJRaaPVgetKDsrTgbRjQ5Msgjh/DQKEFl0DtyRr/VCOyD1T2R1MNeWPK/u7JoGhlDZnKBAfA=="],

    "@wetarseel/db-types": ["@wetarseel/db-types@file:../../packages/db-types", { "dependencies": { "zapatos": "^6.5.0" } }],

    "asn1js": ["asn1js@3.0.6", "", { "dependencies": { "pvtsutils": "^1.3.6", "pvutils": "^1.1.3", "tslib": "^2.8.1" } }, "sha512-UOCGPYbl0tv8+006qks/dTgV9ajs97X2p0FAbyS2iyCRrmLSRolDaHdp+v/CLgnzHc3fVB+CwYiUmei7ndFcgA=="],

    "better-auth": ["better-auth@1.2.12", "", { "dependencies": { "@better-auth/utils": "0.2.5", "@better-fetch/fetch": "^1.1.18", "@noble/ciphers": "^0.6.0", "@noble/hashes": "^1.6.1", "@simplewebauthn/browser": "^13.0.0", "@simplewebauthn/server": "^13.0.0", "better-call": "^1.0.8", "defu": "^6.1.4", "jose": "^6.0.11", "kysely": "^0.28.2", "nanostores": "^0.11.3", "zod": "^3.24.1" } }, "sha512-YicCyjQ+lxb7YnnaCewrVOjj3nPVa0xcfrOJK7k5MLMX9Mt9UnJ8GYaVQNHOHLyVxl92qc3C758X1ihqAUzm4w=="],

    "better-call": ["better-call@1.0.12", "", { "dependencies": { "@better-fetch/fetch": "^1.1.4", "rou3": "^0.5.1", "set-cookie-parser": "^2.7.1", "uncrypto": "^0.1.3" } }, "sha512-ssq5OfB9Ungv2M1WVrRnMBomB0qz1VKuhkY2WxjHaLtlsHoSe9EPolj1xf7xf8LY9o3vfk3Rx6rCWI4oVHeBRg=="],

    "bowser": ["bowser@2.11.0", "", {}, "sha512-AlcaJBi/pqqJBIQ8U9Mcpc9i8Aqxn88Skv5d+xBX006BY5u8N3mGLHa5Lgppa7L/HfwgwLgZ6NYs+Ag6uUmJRA=="],

    "bun-types": ["bun-types@1.2.18", "", { "dependencies": { "@types/node": "*" }, "peerDependencies": { "@types/react": "^19" } }, "sha512-04+Eha5NP7Z0A9YgDAzMk5PHR16ZuLVa83b26kH5+cp1qZW4F6FmAURngE7INf4tKOvCE69vYvDEwoNl1tGiWw=="],

    "csstype": ["csstype@3.1.3", "", {}, "sha512-M1uQkMl8rQK/szD0LNhtqxIPLpimGm8sOBwU7lLnCpSbTyY3yeU1Vc7l4KT5zT4s/yOxHH5O7tIuuLOCnLADRw=="],

    "deepmerge": ["deepmerge@4.3.1", "", {}, "sha512-3sUqbMEc77XqpdNO7FRyRog+eW3ph+GYCbj+rK+uYyRMuwsVy0rMiVtPn+QJlKFvWP/1PYpapqYn0Me2knFn+A=="],

    "defu": ["defu@6.1.4", "", {}, "sha512-mEQCMmwJu317oSz8CwdIOdwf3xMif1ttiM8LTufzc3g6kR+9Pe236twL8j3IYT1F7GfRgGcW6MWxzZjLIkuHIg=="],

    "dom-serializer": ["dom-serializer@2.0.0", "", { "dependencies": { "domelementtype": "^2.3.0", "domhandler": "^5.0.2", "entities": "^4.2.0" } }, "sha512-wIkAryiqt/nV5EQKqQpo3SToSOV9J0DnbJqwK7Wv/Trc92zIAYZ4FlMu+JPFW1DfGFt81ZTCGgDEabffXeLyJg=="],

    "domelementtype": ["domelementtype@2.3.0", "", {}, "sha512-OLETBj6w0OsagBwdXnPdN0cnMfF9opN69co+7ZrbfPGrdpPVNBUj02spi6B1N7wChLQiPn4CSH/zJvXw56gmHw=="],

    "domhandler": ["domhandler@5.0.3", "", { "dependencies": { "domelementtype": "^2.3.0" } }, "sha512-cgwlv/1iFQiFnU96XXgROh8xTeetsnJiDsTc7TYCLFd9+/WNkIqPTxiM/8pSd8VIrhXGTf1Ny1q1hquVqDJB5w=="],

    "domutils": ["domutils@3.2.2", "", { "dependencies": { "dom-serializer": "^2.0.0", "domelementtype": "^2.3.0", "domhandler": "^5.0.3" } }, "sha512-6kZKyUajlDuqlHKVX1w7gyslj9MPIXzIFiz/rGu35uC1wMi+kMhQwGhl4lt9unC9Vb9INnY9Z3/ZA3+FhASLaw=="],

    "dotenv": ["dotenv@17.2.0", "", {}, "sha512-Q4sgBT60gzd0BB0lSyYD3xM4YxrXA9y4uBDof1JNYGzOXrQdQ6yX+7XIAqoFOGQFOTK1D3Hts5OllpxMDZFONQ=="],

    "dynamodb-toolbox": ["dynamodb-toolbox@2.6.4", "", { "dependencies": { "hotscript": "^1.0.13" }, "peerDependencies": { "@aws-sdk/client-dynamodb": "^3.0.0", "@aws-sdk/lib-dynamodb": "^3.0.0" } }, "sha512-QElE94dH3FzOwosLSxMC0Ib8YCZq16xT2Z4jelF6msgtqcY53aUADxdJia6wHBCDc6Sp8N90Ml6g7tdwdkCXXQ=="],

    "entities": ["entities@4.5.0", "", {}, "sha512-V0hjH4dGPh9Ao5p0MoRY6BVqtwCjhz6vI5LT8AJ55H+4g9/4vbHx1I54fS0XuclLhDHArPQCiMjDxjaL8fPxhw=="],

    "fast-deep-equal": ["fast-deep-equal@2.0.1", "", {}, "sha512-bCK/2Z4zLidyB4ReuIsvALH6w31YfAQDmXMqMx6FyfHqvBxtjC0eRumeSu4Bs3XtXwpyIywtSTrVT99BxY1f9w=="],

    "fast-xml-parser": ["fast-xml-parser@5.2.5", "", { "dependencies": { "strnum": "^2.1.0" }, "bin": { "fxparser": "src/cli/cli.js" } }, "sha512-pfX9uG9Ki0yekDHx2SiuRIyFdyAr1kMIMitPvb0YBo8SUfKvia7w7FIyd/l6av85pFYRhZscS75MwMnbvY+hcQ=="],

    "hono": ["hono@4.8.4", "", {}, "sha512-KOIBp1+iUs0HrKztM4EHiB2UtzZDTBihDtOF5K6+WaJjCPeaW4Q92R8j63jOhvJI5+tZSMuKD9REVEXXY9illg=="],

    "hotscript": ["hotscript@1.0.13", "", {}, "sha512-C++tTF1GqkGYecL+2S1wJTfoH6APGAsbb7PAWQ3iVIwgG/EFseAfEVOKFgAFq4yK3+6j1EjUD4UQ9dRJHX/sSQ=="],

    "html-to-text": ["html-to-text@9.0.5", "", { "dependencies": { "@selderee/plugin-htmlparser2": "^0.11.0", "deepmerge": "^4.3.1", "dom-serializer": "^2.0.0", "htmlparser2": "^8.0.2", "selderee": "^0.11.0" } }, "sha512-qY60FjREgVZL03vJU6IfMV4GDjGBIoOyvuFdpBDIX9yTlDw0TjxVBQp+P8NvpdIXNJvfWBTNul7fsAQJq2FNpg=="],

    "htmlparser2": ["htmlparser2@8.0.2", "", { "dependencies": { "domelementtype": "^2.3.0", "domhandler": "^5.0.3", "domutils": "^3.0.1", "entities": "^4.4.0" } }, "sha512-GYdjWKDkbRLkZ5geuHs5NY1puJ+PXwP7+fHPRz06Eirsb9ugf6d8kkXav6ADhcODhFFPMIXyxkxSuMf3D6NCFA=="],

    "jose": ["jose@6.0.11", "", {}, "sha512-QxG7EaliDARm1O1S8BGakqncGT9s25bKL1WSf6/oa17Tkqwi8D2ZNglqCF+DsYF88/rV66Q/Q2mFAy697E1DUg=="],

    "json-custom-numbers": ["json-custom-numbers@3.1.1", "", {}, "sha512-rYIAIuiIRy58aax2tuZb7HawKFATBG848PiguybJh/R+pvC8jxjEOVBQHj4J3U2D4/Y4acBCO4A/glILW8wPoA=="],

    "kysely": ["kysely@0.28.2", "", {}, "sha512-4YAVLoF0Sf0UTqlhgQMFU9iQECdah7n+13ANkiuVfRvlK+uI0Etbgd7bVP36dKlG+NXWbhGua8vnGt+sdhvT7A=="],

    "leac": ["leac@0.6.0", "", {}, "sha512-y+SqErxb8h7nE/fiEX07jsbuhrpO9lL8eca7/Y1nuWV2moNlXhyd59iDGcRf6moVyDMbmTNzL40SUyrFU/yDpg=="],

    "mnemonist": ["mnemonist@0.38.3", "", { "dependencies": { "obliterator": "^1.6.1" } }, "sha512-2K9QYubXx/NAjv4VLq1d1Ly8pWNC5L3BrixtdkyTegXWJIqY+zLNDhhX/A+ZwWt70tB1S8H4BE8FLYEFyNoOBw=="],

    "nanostores": ["nanostores@0.11.4", "", {}, "sha512-k1oiVNN4hDK8NcNERSZLQiMfRzEGtfnvZvdBvey3SQbgn8Dcrk0h1I6vpxApjb10PFUflZrgJ2WEZyJQ+5v7YQ=="],

    "obliterator": ["obliterator@1.6.1", "", {}, "sha512-9WXswnqINnnhOG/5SLimUlzuU1hFJUc8zkwyD59Sd+dPOMf05PmnYG/d6Q7HZ+KmgkZJa1PxRso6QdM3sTNHig=="],

    "parseley": ["parseley@0.12.1", "", { "dependencies": { "leac": "^0.6.0", "peberminta": "^0.9.0" } }, "sha512-e6qHKe3a9HWr0oMRVDTRhKce+bRO8VGQR3NyVwcjwrbhMmFCX9KszEV35+rn4AdilFAq9VPxP/Fe1wC9Qjd2lw=="],

    "peberminta": ["peberminta@0.9.0", "", {}, "sha512-XIxfHpEuSJbITd1H3EeQwpcZbTLHc+VVr8ANI9t5sit565tsI4/xK3KWTUFE2e6QiangUkh3B0jihzmGnNrRsQ=="],

    "pg": ["pg@8.16.3", "", { "dependencies": { "pg-connection-string": "^2.9.1", "pg-pool": "^3.10.1", "pg-protocol": "^1.10.3", "pg-types": "2.2.0", "pgpass": "1.0.5" }, "optionalDependencies": { "pg-cloudflare": "^1.2.7" }, "peerDependencies": { "pg-native": ">=3.0.1" }, "optionalPeers": ["pg-native"] }, "sha512-enxc1h0jA/aq5oSDMvqyW3q89ra6XIIDZgCX9vkMrnz5DFTw/Ny3Li2lFQ+pt3L6MCgm/5o2o8HW9hiJji+xvw=="],

    "pg-cloudflare": ["pg-cloudflare@1.2.7", "", {}, "sha512-YgCtzMH0ptvZJslLM1ffsY4EuGaU0cx4XSdXLRFae8bPP4dS5xL1tNB3k2o/N64cHJpwU7dxKli/nZ2lUa5fLg=="],

    "pg-connection-string": ["pg-connection-string@2.9.1", "", {}, "sha512-nkc6NpDcvPVpZXxrreI/FOtX3XemeLl8E0qFr6F2Lrm/I8WOnaWNhIPK2Z7OHpw7gh5XJThi6j6ppgNoaT1w4w=="],

    "pg-int8": ["pg-int8@1.0.1", "", {}, "sha512-WCtabS6t3c8SkpDBUlb1kjOs7l66xsGdKpIPZsg4wR+B3+u9UAum2odSsF9tnvxg80h4ZxLWMy4pRjOsFIqQpw=="],

    "pg-pool": ["pg-pool@3.10.1", "", { "peerDependencies": { "pg": ">=8.0" } }, "sha512-Tu8jMlcX+9d8+QVzKIvM/uJtp07PKr82IUOYEphaWcoBhIYkoHpLXN3qO59nAI11ripznDsEzEv8nUxBVWajGg=="],

    "pg-protocol": ["pg-protocol@1.10.3", "", {}, "sha512-6DIBgBQaTKDJyxnXaLiLR8wBpQQcGWuAESkRBX/t6OwA8YsqP+iVSiond2EDy6Y/dsGk8rh/jtax3js5NeV7JQ=="],

    "pg-types": ["pg-types@2.2.0", "", { "dependencies": { "pg-int8": "1.0.1", "postgres-array": "~2.0.0", "postgres-bytea": "~1.0.0", "postgres-date": "~1.0.4", "postgres-interval": "^1.1.0" } }, "sha512-qTAAlrEsl8s4OiEQY69wDvcMIdQN6wdz5ojQiOy6YRMuynxenON0O5oCpJI6lshc6scgAY8qvJ2On/p+CXY0GA=="],

    "pgpass": ["pgpass@1.0.5", "", { "dependencies": { "split2": "^4.1.0" } }, "sha512-FdW9r/jQZhSeohs1Z3sI1yxFQNFvMcnmfuj4WBMUTxOrAyLMaTcE1aAMBiTlbMNaXvBCQuVi0R7hd8udDSP7ug=="],

    "postgres-array": ["postgres-array@2.0.0", "", {}, "sha512-VpZrUqU5A69eQyW2c5CA1jtLecCsN2U/bD6VilrFDWq5+5UIEVO7nazS3TEcHf1zuPYO/sqGvUvW62g86RXZuA=="],

    "postgres-bytea": ["postgres-bytea@1.0.0", "", {}, "sha512-xy3pmLuQqRBZBXDULy7KbaitYqLcmxigw14Q5sj8QBVLqEwXfeybIKVWiqAXTlcvdvb0+xkOtDbfQMOf4lST1w=="],

    "postgres-date": ["postgres-date@1.0.7", "", {}, "sha512-suDmjLVQg78nMK2UZ454hAG+OAW+HQPZ6n++TNDUX+L0+uUlLywnoxJKDou51Zm+zTCjrCl0Nq6J9C5hP9vK/Q=="],

    "postgres-interval": ["postgres-interval@1.2.0", "", { "dependencies": { "xtend": "^4.0.0" } }, "sha512-9ZhXKM/rw350N1ovuWHbGxnGh/SNJ4cnxHiM0rxE4VN41wsg8P8zWn9hv/buK00RP4WvlOyr/RBDiptyxVbkZQ=="],

    "prettier": ["prettier@3.6.2", "", { "bin": { "prettier": "bin/prettier.cjs" } }, "sha512-I7AIg5boAr5R0FFtJ6rCfD+LFsWHp81dolrFD8S79U9tb8Az2nGrJncnMSnys+bpQJfRUzqs9hnA81OAA3hCuQ=="],

    "pvtsutils": ["pvtsutils@1.3.6", "", { "dependencies": { "tslib": "^2.8.1" } }, "sha512-PLgQXQ6H2FWCaeRak8vvk1GW462lMxB5s3Jm673N82zI4vqtVUPuZdffdZbPDFRoU8kAhItWFtPCWiPpp4/EDg=="],

    "pvutils": ["pvutils@1.1.3", "", {}, "sha512-pMpnA0qRdFp32b1sJl1wOJNxZLQ2cbQx+k6tjNtZ8CpvVhNqEPRgivZ2WOUev2YMajecdH7ctUPDvEe87nariQ=="],

    "react": ["react@19.1.0", "", {}, "sha512-FS+XFBNvn3GTAWq26joslQgWNoFu08F4kl0J4CgdNKADkdSGXQyTCnKteIAJy96Br6YbpEU1LSzV5dYtjMkMDg=="],

    "react-dom": ["react-dom@19.1.0", "", { "dependencies": { "scheduler": "^0.26.0" }, "peerDependencies": { "react": "^19.1.0" } }, "sha512-Xs1hdnE+DyKgeHJeJznQmYMIBG3TKIHJJT95Q58nHLSrElKlGQqDTR2HQ9fx5CN/Gk6Vh/kupBTDLU11/nDk/g=="],

    "react-promise-suspense": ["react-promise-suspense@0.3.4", "", { "dependencies": { "fast-deep-equal": "^2.0.1" } }, "sha512-I42jl7L3Ze6kZaq+7zXWSunBa3b1on5yfvUW6Eo/3fFOj6dZ5Bqmcd264nJbTK/gn1HjjILAjSwnZbV4RpSaNQ=="],

    "resend": ["resend@4.6.0", "", { "dependencies": { "@react-email/render": "1.1.2" } }, "sha512-D5T2I82FvEUYFlrHzaDvVtr5ADHdhuoLaXgLFGABKyNtQgPWIuz0Vp2L2Evx779qjK37aF4kcw1yXJDHhA2JnQ=="],

    "rou3": ["rou3@0.5.1", "", {}, "sha512-OXMmJ3zRk2xeXFGfA3K+EOPHC5u7RDFG7lIOx0X1pdnhUkI8MdVrbV+sNsD80ElpUZ+MRHdyxPnFthq9VHs8uQ=="],

    "scheduler": ["scheduler@0.26.0", "", {}, "sha512-NlHwttCI/l5gCPR3D1nNXtWABUmBwvZpEQiD4IXSbIDq8BzLIK/7Ir5gTFSGZDUu37K5cMNp0hFtzO38sC7gWA=="],

    "selderee": ["selderee@0.11.0", "", { "dependencies": { "parseley": "^0.12.0" } }, "sha512-5TF+l7p4+OsnP8BCCvSyZiSPc4x4//p5uPwK8TCnVPJYRmU2aYKMpOXvw8zM5a5JvuuCGN1jmsMwuU2W02ukfA=="],

    "set-cookie-parser": ["set-cookie-parser@2.7.1", "", {}, "sha512-IOc8uWeOZgnb3ptbCURJWNjWUPcO3ZnTTdzsurqERrP6nPyv+paC55vJM0LpOlT2ne+Ix+9+CRG1MNLlyZ4GjQ=="],

    "split2": ["split2@4.2.0", "", {}, "sha512-UcjcJOWknrNkF6PLX83qcHM6KHgVKNkV62Y8a5uYDVv9ydGQVwAHMKqHdJje1VTWpljG0WYpCDhrCdAOYH4TWg=="],

    "strnum": ["strnum@2.1.1", "", {}, "sha512-7ZvoFTiCnGxBtDqJ//Cu6fWtZtc7Y3x+QOirG15wztbdngGSkht27o2pyGWrVy0b4WAy3jbKmnoK6g5VlVNUUw=="],

    "tslib": ["tslib@2.8.1", "", {}, "sha512-oJFu94HQb+KVduSUQL7wnpmqnfmLsOA/nAh6b6EH0wCEoK0/mPeXU6c3wKDV83MkOuHPRHtSXKKU99IBazS/2w=="],

    "typescript": ["typescript@5.8.3", "", { "bin": { "tsc": "bin/tsc", "tsserver": "bin/tsserver" } }, "sha512-p1diW6TqL9L07nNxvRMM7hMMw4c5XOo/1ibL4aAIGmSAt9slTE1Xgw5KWuof2uTOvCg9BY7ZRi+GaF+7sfgPeQ=="],

    "uncrypto": ["uncrypto@0.1.3", "", {}, "sha512-Ql87qFHB3s/De2ClA9e0gsnS6zXG27SkTiSJwjCc9MebbfapQfuPzumMIUMi38ezPZVNFcHI9sUIepeQfw8J8Q=="],

    "undici-types": ["undici-types@7.8.0", "", {}, "sha512-9UJ2xGDvQ43tYyVMpuHlsgApydB8ZKfVYTsLDhXkFL/6gfkp+U8xTGdh8pMJv1SpZna0zxG1DwsKZsreLbXBxw=="],

    "uuid": ["uuid@9.0.1", "", { "bin": { "uuid": "dist/bin/uuid" } }, "sha512-b+1eJOlsR9K8HJpow9Ok3fiWOWSIcIzXodvv0rQjVoOVNpWMpxf1wZNpt4y9h10odCNrqnYp1OBzRktckBe3sA=="],

    "xtend": ["xtend@4.0.2", "", {}, "sha512-LKYU1iAXJXUgAXn9URjiu+MWhyUXHsvfp7mcuYm9dSUKK0/CjtrUwFAxD82/mCWbtLsGjFIad0wIsod4zrTAEQ=="],

    "zapatos": ["zapatos@6.5.0", "", { "dependencies": { "json-custom-numbers": "^3.1.1" }, "peerDependencies": { "@types/pg": ">=7.14.3", "pg": ">=7.18.2", "typescript": ">=4.1" }, "bin": { "zapatos": "dist/generate/cli.js" } }, "sha512-YvA9kqap/wA4mrqq+OoITB49iTo054pcm1pQ1bBqx0E50RYOCznplGEH8GatksYpIEDwUWUNfonvbUiT7UVf4g=="],

    "zod": ["zod@3.25.76", "", {}, "sha512-gzUt/qt81nXsFGKIFcC3YnfEAx5NkunCfnDlvuBSSFS02bcXu4Lmea0AFIUwbLWxWPx3d9p8S5QoaujKcNQxcQ=="],

    "@aws-crypto/sha256-browser/@smithy/util-utf8": ["@smithy/util-utf8@2.3.0", "", { "dependencies": { "@smithy/util-buffer-from": "^2.2.0", "tslib": "^2.6.2" } }, "sha512-R8Rdn8Hy72KKcebgLiv8jQcQkXoLMOGGv5uI1/k0l+snqkOzQ1R0ChUBCxWMlBsFMekWjq0wRudIweFs7sKT5A=="],

    "@aws-crypto/util/@smithy/util-utf8": ["@smithy/util-utf8@2.3.0", "", { "dependencies": { "@smithy/util-buffer-from": "^2.2.0", "tslib": "^2.6.2" } }, "sha512-R8Rdn8Hy72KKcebgLiv8jQcQkXoLMOGGv5uI1/k0l+snqkOzQ1R0ChUBCxWMlBsFMekWjq0wRudIweFs7sKT5A=="],

    "@aws-crypto/sha256-browser/@smithy/util-utf8/@smithy/util-buffer-from": ["@smithy/util-buffer-from@2.2.0", "", { "dependencies": { "@smithy/is-array-buffer": "^2.2.0", "tslib": "^2.6.2" } }, "sha512-IJdWBbTcMQ6DA0gdNhh/BwrLkDR+ADW5Kr1aZmd4k3DIF6ezMV4R2NIAmT08wQJ3yUK82thHWmC/TnK/wpMMIA=="],

    "@aws-crypto/util/@smithy/util-utf8/@smithy/util-buffer-from": ["@smithy/util-buffer-from@2.2.0", "", { "dependencies": { "@smithy/is-array-buffer": "^2.2.0", "tslib": "^2.6.2" } }, "sha512-IJdWBbTcMQ6DA0gdNhh/BwrLkDR+ADW5Kr1aZmd4k3DIF6ezMV4R2NIAmT08wQJ3yUK82thHWmC/TnK/wpMMIA=="],

    "@aws-crypto/sha256-browser/@smithy/util-utf8/@smithy/util-buffer-from/@smithy/is-array-buffer": ["@smithy/is-array-buffer@2.2.0", "", { "dependencies": { "tslib": "^2.6.2" } }, "sha512-GGP3O9QFD24uGeAXYUjwSTXARoqpZykHadOmA8G5vfJPK0/DC67qa//0qvqrJzL1xc8WQWX7/yc7fwudjPHPhA=="],

    "@aws-crypto/util/@smithy/util-utf8/@smithy/util-buffer-from/@smithy/is-array-buffer": ["@smithy/is-array-buffer@2.2.0", "", { "dependencies": { "tslib": "^2.6.2" } }, "sha512-GGP3O9QFD24uGeAXYUjwSTXARoqpZykHadOmA8G5vfJPK0/DC67qa//0qvqrJzL1xc8WQWX7/yc7fwudjPHPhA=="],
  }
}
